
Microsoft Visual Studio Solution File, Format Version 12.00
Project("{FAE04EC0-301F-11D3-BF4B-00C04F79EFBC}") = "RimWorldMod", "RimWorldMod\RimWorldMod.csproj", "{18D069EA-4C7B-4D8D-B85D-E8A617E91CC7}"
EndProject
Global
	GlobalSection(SolutionConfigurationPlatforms) = preSolution
		Debug|Any CPU = Debug|Any CPU
		Release|Any CPU = Release|Any CPU
	EndGlobalSection
	GlobalSection(ProjectConfigurationPlatforms) = postSolution
		{18D069EA-4C7B-4D8D-B85D-E8A617E91CC7}.Debug|Any CPU.ActiveCfg = Debug|Any CPU
		{18D069EA-4C7B-4D8D-B85D-E8A617E91CC7}.Debug|Any CPU.Build.0 = Debug|Any CPU
		{18D069EA-4C7B-4D8D-B85D-E8A617E91CC7}.Release|Any CPU.ActiveCfg = Release|Any CPU
		{18D069EA-4C7B-4D8D-B85D-E8A617E91CC7}.Release|Any CPU.Build.0 = Release|Any CPU
	EndGlobalSection
EndGlobal
